
Microsoft Visual Studio Solution File, Format Version 12.00
# Visual Studio 15
VisualStudioVersion = 15.0.28010.2048
MinimumVisualStudioVersion = 10.0.40219.1
Project("{FAE04EC0-301F-11D3-BF4B-00C04F79EFBC}") = "Adorratm Türev", "Turev\Adorratm Türev.csproj", "{19004B6F-BD14-4BD7-8A93-B45CBC7BE410}"
EndProject
Project("{54435603-DBB4-11D2-8724-00A0C9A8B90C}") = "Adorratm Türev Setup", "TurevSetup\TurevSetup.vdproj", "{28FCBEAF-1863-44B0-843E-31358DEB9919}"
EndProject
Global
	GlobalSection(SolutionConfigurationPlatforms) = preSolution
		Debug|Any CPU = Debug|Any CPU
		Release|Any CPU = Release|Any CPU
	EndGlobalSection
	GlobalSection(ProjectConfigurationPlatforms) = postSolution
		{19004B6F-BD14-4BD7-8A93-B45CBC7BE410}.Debug|Any CPU.ActiveCfg = Debug|Any CPU
		{19004B6F-BD14-4BD7-8A93-B45CBC7BE410}.Debug|Any CPU.Build.0 = Debug|Any CPU
		{19004B6F-BD14-4BD7-8A93-B45CBC7BE410}.Release|Any CPU.ActiveCfg = Release|Any CPU
		{19004B6F-BD14-4BD7-8A93-B45CBC7BE410}.Release|Any CPU.Build.0 = Release|Any CPU
		{28FCBEAF-1863-44B0-843E-31358DEB9919}.Debug|Any CPU.ActiveCfg = Debug
		{28FCBEAF-1863-44B0-843E-31358DEB9919}.Release|Any CPU.ActiveCfg = Release
	EndGlobalSection
	GlobalSection(SolutionProperties) = preSolution
		HideSolutionNode = FALSE
	EndGlobalSection
	GlobalSection(ExtensibilityGlobals) = postSolution
		SolutionGuid = {27E82308-6F7D-483F-831B-53CD874E3DF0}
	EndGlobalSection
EndGlobal
